
Microsoft Visual Studio Solution File, Format Version 12.00
# Visual Studio Version 16
VisualStudioVersion = 16.0.31424.327
MinimumVisualStudioVersion = 10.0.40219.1
Project("{FAE04EC0-301F-11D3-BF4B-00C04F79EFBC}") = "SimpleDotNetWebApp", "SimpleDotNetWebApp\SimpleDotNetWebApp.csproj", "{5A5BBB12-13A4-435A-9376-502FC09A48BF}"
EndProject
Global
	GlobalSection(SolutionConfigurationPlatforms) = preSolution
		Debug|Any CPU = Debug|Any CPU
		Release|Any CPU = Release|Any CPU
	EndGlobalSection
	GlobalSection(ProjectConfigurationPlatforms) = postSolution
		{5A5BBB12-13A4-435A-9376-502FC09A48BF}.Debug|Any CPU.ActiveCfg = Debug|Any CPU
		{5A5BBB12-13A4-435A-9376-502FC09A48BF}.Debug|Any CPU.Build.0 = Debug|Any CPU
		{5A5BBB12-13A4-435A-9376-502FC09A48BF}.Release|Any CPU.ActiveCfg = Release|Any CPU
		{5A5BBB12-13A4-435A-9376-502FC09A48BF}.Release|Any CPU.Build.0 = Release|Any CPU
	EndGlobalSection
	GlobalSection(SolutionProperties) = preSolution
		HideSolutionNode = FALSE
	EndGlobalSection
	GlobalSection(ExtensibilityGlobals) = postSolution
		SolutionGuid = {8F0D6A6E-7CA0-412B-BD59-DE9547EF1BDD}
	EndGlobalSection
EndGlobal
